
Microsoft Visual Studio Solution File, Format Version 12.00
# Visual Studio Version 17
VisualStudioVersion = 17.4.33403.182
MinimumVisualStudioVersion = 10.0.40219.1
Project("{FAE04EC0-301F-11D3-BF4B-00C04F79EFBC}") = "Regex-Problems", "Regex-Problems\Regex-Problems.csproj", "{67772C1D-C368-4BEB-B00F-A3F53007A26D}"
EndProject
Global
	GlobalSection(SolutionConfigurationPlatforms) = preSolution
		Debug|Any CPU = Debug|Any CPU
		Release|Any CPU = Release|Any CPU
	EndGlobalSection
	GlobalSection(ProjectConfigurationPlatforms) = postSolution
		{67772C1D-C368-4BEB-B00F-A3F53007A26D}.Debug|Any CPU.ActiveCfg = Debug|Any CPU
		{67772C1D-C368-4BEB-B00F-A3F53007A26D}.Debug|Any CPU.Build.0 = Debug|Any CPU
		{67772C1D-C368-4BEB-B00F-A3F53007A26D}.Release|Any CPU.ActiveCfg = Release|Any CPU
		{67772C1D-C368-4BEB-B00F-A3F53007A26D}.Release|Any CPU.Build.0 = Release|Any CPU
	EndGlobalSection
	GlobalSection(SolutionProperties) = preSolution
		HideSolutionNode = FALSE
	EndGlobalSection
	GlobalSection(ExtensibilityGlobals) = postSolution
		SolutionGuid = {C4E7B693-46BD-4181-A7ED-149168F90474}
	EndGlobalSection
EndGlobal
